
Microsoft Visual Studio Solution File, Format Version 12.00
# Visual Studio Version 17
VisualStudioVersion = 17.0.31903.59
MinimumVisualStudioVersion = 10.0.40219.1
Project("{FAE04EC0-301F-11D3-BF4B-00C04F79EFBC}") = "PlantUMLFormatter.Core", "PlantUMLFormatter.Core\PlantUMLFormatter.Core.csproj", "{046990B6-C543-48D9-A70A-8F7329D674C7}"
EndProject
Project("{FAE04EC0-301F-11D3-BF4B-00C04F79EFBC}") = "PlantUMLFormatter.Config", "PlantUMLFormatter.Config\PlantUMLFormatter.Config.csproj", "{A1A0B8E7-C0AB-4771-B607-9F41506F7C2C}"
EndProject
Project("{FAE04EC0-301F-11D3-BF4B-00C04F79EFBC}") = "PlantUMLFormatter.Cli", "PlantUMLFormatter.Cli\PlantUMLFormatter.Cli.csproj", "{3F5545D2-AC18-4F11-A7D8-82C9093B8DB9}"
EndProject
Project("{FAE04EC0-301F-11D3-BF4B-00C04F79EFBC}") = "PlantUMLFormatter.Diagrams", "PlantUMLFormatter.Diagrams\PlantUMLFormatter.Diagrams.csproj", "{857F12E6-436F-406A-BF01-8447BF397C21}"
EndProject
Global
	GlobalSection(SolutionConfigurationPlatforms) = preSolution
		Debug|Any CPU = Debug|Any CPU
		Release|Any CPU = Release|Any CPU
	EndGlobalSection
	GlobalSection(SolutionProperties) = preSolution
		HideSolutionNode = FALSE
	EndGlobalSection
	GlobalSection(ProjectConfigurationPlatforms) = postSolution
		{046990B6-C543-48D9-A70A-8F7329D674C7}.Debug|Any CPU.ActiveCfg = Debug|Any CPU
		{046990B6-C543-48D9-A70A-8F7329D674C7}.Debug|Any CPU.Build.0 = Debug|Any CPU
		{046990B6-C543-48D9-A70A-8F7329D674C7}.Release|Any CPU.ActiveCfg = Release|Any CPU
		{046990B6-C543-48D9-A70A-8F7329D674C7}.Release|Any CPU.Build.0 = Release|Any CPU
		{A1A0B8E7-C0AB-4771-B607-9F41506F7C2C}.Debug|Any CPU.ActiveCfg = Debug|Any CPU
		{A1A0B8E7-C0AB-4771-B607-9F41506F7C2C}.Debug|Any CPU.Build.0 = Debug|Any CPU
		{A1A0B8E7-C0AB-4771-B607-9F41506F7C2C}.Release|Any CPU.ActiveCfg = Release|Any CPU
		{A1A0B8E7-C0AB-4771-B607-9F41506F7C2C}.Release|Any CPU.Build.0 = Release|Any CPU
		{3F5545D2-AC18-4F11-A7D8-82C9093B8DB9}.Debug|Any CPU.ActiveCfg = Debug|Any CPU
		{3F5545D2-AC18-4F11-A7D8-82C9093B8DB9}.Debug|Any CPU.Build.0 = Debug|Any CPU
		{3F5545D2-AC18-4F11-A7D8-82C9093B8DB9}.Release|Any CPU.ActiveCfg = Release|Any CPU
		{3F5545D2-AC18-4F11-A7D8-82C9093B8DB9}.Release|Any CPU.Build.0 = Release|Any CPU
		{857F12E6-436F-406A-BF01-8447BF397C21}.Debug|Any CPU.ActiveCfg = Debug|Any CPU
		{857F12E6-436F-406A-BF01-8447BF397C21}.Debug|Any CPU.Build.0 = Debug|Any CPU
		{857F12E6-436F-406A-BF01-8447BF397C21}.Release|Any CPU.ActiveCfg = Release|Any CPU
		{857F12E6-436F-406A-BF01-8447BF397C21}.Release|Any CPU.Build.0 = Release|Any CPU
	EndGlobalSection
EndGlobal
